
Microsoft Visual Studio Solution File, Format Version 12.00
# Visual Studio Version 16
VisualStudioVersion = 16.0.31313.79
MinimumVisualStudioVersion = 10.0.40219.1
Project("{FAE04EC0-301F-11D3-BF4B-00C04F79EFBC}") = "BikoretSeret", "BikoretSeret.csproj", "{BCB508BF-B293-493C-8365-A7A535B3A8D9}"
EndProject
Global
	GlobalSection(SolutionConfigurationPlatforms) = preSolution
		Debug|Any CPU = Debug|Any CPU
		Release|Any CPU = Release|Any CPU
	EndGlobalSection
	GlobalSection(ProjectConfigurationPlatforms) = postSolution
		{BCB508BF-B293-493C-8365-A7A535B3A8D9}.Debug|Any CPU.ActiveCfg = Debug|Any CPU
		{BCB508BF-B293-493C-8365-A7A535B3A8D9}.Debug|Any CPU.Build.0 = Debug|Any CPU
		{BCB508BF-B293-493C-8365-A7A535B3A8D9}.Release|Any CPU.ActiveCfg = Release|Any CPU
		{BCB508BF-B293-493C-8365-A7A535B3A8D9}.Release|Any CPU.Build.0 = Release|Any CPU
	EndGlobalSection
	GlobalSection(SolutionProperties) = preSolution
		HideSolutionNode = FALSE
	EndGlobalSection
	GlobalSection(ExtensibilityGlobals) = postSolution
		SolutionGuid = {867CBCF9-EC13-426D-8A01-C6BCF8D5A584}
	EndGlobalSection
EndGlobal
